
Microsoft Visual Studio Solution File, Format Version 12.00
# Visual Studio Version 17
VisualStudioVersion = 17.4.33122.133
MinimumVisualStudioVersion = 10.0.40219.1
Project("{FAE04EC0-301F-11D3-BF4B-00C04F79EFBC}") = "UC1_Permutations", "UC1_Permutations.csproj", "{BF0C7525-D1F0-48A0-81AD-E15F4B0718B9}"
EndProject
Global
	GlobalSection(SolutionConfigurationPlatforms) = preSolution
		Debug|Any CPU = Debug|Any CPU
		Release|Any CPU = Release|Any CPU
	EndGlobalSection
	GlobalSection(ProjectConfigurationPlatforms) = postSolution
		{BF0C7525-D1F0-48A0-81AD-E15F4B0718B9}.Debug|Any CPU.ActiveCfg = Debug|Any CPU
		{BF0C7525-D1F0-48A0-81AD-E15F4B0718B9}.Debug|Any CPU.Build.0 = Debug|Any CPU
		{BF0C7525-D1F0-48A0-81AD-E15F4B0718B9}.Release|Any CPU.ActiveCfg = Release|Any CPU
		{BF0C7525-D1F0-48A0-81AD-E15F4B0718B9}.Release|Any CPU.Build.0 = Release|Any CPU
	EndGlobalSection
	GlobalSection(SolutionProperties) = preSolution
		HideSolutionNode = FALSE
	EndGlobalSection
	GlobalSection(ExtensibilityGlobals) = postSolution
		SolutionGuid = {B0E91235-3A12-4991-AD01-D0A574C1A512}
	EndGlobalSection
EndGlobal
